<?xml version="1.0" encoding="utf-8"?>
<Project ToolsVersion="4.0" xmlns="http://schemas.microsoft.com/developer/msbuild/2003">
  <ItemGroup>
    <Filter Include="source">
      <UniqueIdentifier>{f3e872ed-6e63-4463-9ade-de0cd6de3ab2}</UniqueIdentifier>
      <Extensions>cpp;c;cxx;rc;def;r;odl;idl;hpj;bat</Extensions>
    </Filter>
    <Filter Include="header">
      <UniqueIdentifier>{160e4fa6-d98c-4e13-95da-8342e90cd9be}</UniqueIdentifier>
    </Filter>
  </ItemGroup>
  <ItemGroup>
    <ClCompile Include="source\rtvsD3dApp.cpp">
      <Filter>source</Filter>
    </ClCompile>
    <ClCompile Include="source\rtvsD3dWinLite.cpp">
      <Filter>source</Filter>
    </ClCompile>
    <ClCompile Include="source\raytracerInterface.cpp">
      <Filter>source</Filter>
    </ClCompile>
    <ClCompile Include="source\raytracer.cpp">
      <Filter>source</Filter>
    </ClCompile>
    <ClCompile Include="source\scene.cpp">
      <Filter>source</Filter>
    </ClCompile>
    <ClCompile Include="source\twister.cpp">
      <Filter>source</Filter>
    </ClCompile>
  </ItemGroup>
  <ItemGroup>
    <ClInclude Include="header\rtvsD3dApp.h">
      <Filter>header</Filter>
    </ClInclude>
    <ClInclude Include="header\rtvsD3dWinLite.h">
      <Filter>header</Filter>
    </ClInclude>
    <ClInclude Include="header\common.h">
      <Filter>header</Filter>
    </ClInclude>
    <ClInclude Include="header\raytracerInterface.h">
      <Filter>header</Filter>
    </ClInclude>
    <ClInclude Include="header\raytracer.h">
      <Filter>header</Filter>
    </ClInclude>
    <ClInclude Include="header\scene.h">
      <Filter>header</Filter>
    </ClInclude>
    <ClInclude Include="header\twister.h">
      <Filter>header</Filter>
    </ClInclude>
  </ItemGroup>
</Project>